
Microsoft Visual Studio Solution File, Format Version 12.00
# Visual Studio Version 16
VisualStudioVersion = 16.0.30804.86
MinimumVisualStudioVersion = 10.0.40219.1
Project("{FAE04EC0-301F-11D3-BF4B-00C04F79EFBC}") = "CleanArch", "CleanArch.csproj", "{1CF696E5-0C1F-4A88-BC73-1EFAF79B570E}"
EndProject
Global
	GlobalSection(SolutionConfigurationPlatforms) = preSolution
		Debug|Any CPU = Debug|Any CPU
		Release|Any CPU = Release|Any CPU
	EndGlobalSection
	GlobalSection(ProjectConfigurationPlatforms) = postSolution
		{1CF696E5-0C1F-4A88-BC73-1EFAF79B570E}.Debug|Any CPU.ActiveCfg = Debug|Any CPU
		{1CF696E5-0C1F-4A88-BC73-1EFAF79B570E}.Debug|Any CPU.Build.0 = Debug|Any CPU
		{1CF696E5-0C1F-4A88-BC73-1EFAF79B570E}.Release|Any CPU.ActiveCfg = Release|Any CPU
		{1CF696E5-0C1F-4A88-BC73-1EFAF79B570E}.Release|Any CPU.Build.0 = Release|Any CPU
	EndGlobalSection
	GlobalSection(SolutionProperties) = preSolution
		HideSolutionNode = FALSE
	EndGlobalSection
	GlobalSection(ExtensibilityGlobals) = postSolution
		SolutionGuid = {461F5421-426A-4B5A-B8D1-EAD7095E6D91}
	EndGlobalSection
EndGlobal
